
Microsoft Visual Studio Solution File, Format Version 12.00
# Visual Studio Version 17
VisualStudioVersion = 17.14.36414.22 d17.14
MinimumVisualStudioVersion = 10.0.40219.1
Project("{FAE04EC0-301F-11D3-BF4B-00C04F79EFBC}") = "CSharpEgitimKampi301.EntityLayer", "CSharpEgitimKampi301.EntityLayer\CSharpEgitimKampi301.EntityLayer.csproj", "{58E0AC68-4F89-48A7-8764-3C074B18430B}"
EndProject
Project("{FAE04EC0-301F-11D3-BF4B-00C04F79EFBC}") = "CSharpEgitimKampi301.DataAccessLayer", "CSharpEgitimKampi301.DataAccessLayer\CSharpEgitimKampi301.DataAccessLayer.csproj", "{D1261F3F-7D16-4232-A221-E7307EDACEBD}"
EndProject
Project("{FAE04EC0-301F-11D3-BF4B-00C04F79EFBC}") = "CSharpEgitimKampi301.BusinessLayer", "CSharpEgitimKampi301.BusinessLayer\CSharpEgitimKampi301.BusinessLayer.csproj", "{935C6856-2AA1-440B-998B-468B9C5B434A}"
EndProject
Project("{FAE04EC0-301F-11D3-BF4B-00C04F79EFBC}") = "CSharpEgitimKampi301.PresentationLayer", "CSharpEgitimKampi301.PresentationLayer\CSharpEgitimKampi301.PresentationLayer.csproj", "{A884EA36-7F16-4F69-8964-E885B51D53FB}"
EndProject
Global
	GlobalSection(SolutionConfigurationPlatforms) = preSolution
		Debug|Any CPU = Debug|Any CPU
		Release|Any CPU = Release|Any CPU
	EndGlobalSection
	GlobalSection(ProjectConfigurationPlatforms) = postSolution
		{58E0AC68-4F89-48A7-8764-3C074B18430B}.Debug|Any CPU.ActiveCfg = Debug|Any CPU
		{58E0AC68-4F89-48A7-8764-3C074B18430B}.Debug|Any CPU.Build.0 = Debug|Any CPU
		{58E0AC68-4F89-48A7-8764-3C074B18430B}.Release|Any CPU.ActiveCfg = Release|Any CPU
		{58E0AC68-4F89-48A7-8764-3C074B18430B}.Release|Any CPU.Build.0 = Release|Any CPU
		{D1261F3F-7D16-4232-A221-E7307EDACEBD}.Debug|Any CPU.ActiveCfg = Debug|Any CPU
		{D1261F3F-7D16-4232-A221-E7307EDACEBD}.Debug|Any CPU.Build.0 = Debug|Any CPU
		{D1261F3F-7D16-4232-A221-E7307EDACEBD}.Release|Any CPU.ActiveCfg = Release|Any CPU
		{D1261F3F-7D16-4232-A221-E7307EDACEBD}.Release|Any CPU.Build.0 = Release|Any CPU
		{935C6856-2AA1-440B-998B-468B9C5B434A}.Debug|Any CPU.ActiveCfg = Debug|Any CPU
		{935C6856-2AA1-440B-998B-468B9C5B434A}.Debug|Any CPU.Build.0 = Debug|Any CPU
		{935C6856-2AA1-440B-998B-468B9C5B434A}.Release|Any CPU.ActiveCfg = Release|Any CPU
		{935C6856-2AA1-440B-998B-468B9C5B434A}.Release|Any CPU.Build.0 = Release|Any CPU
		{A884EA36-7F16-4F69-8964-E885B51D53FB}.Debug|Any CPU.ActiveCfg = Debug|Any CPU
		{A884EA36-7F16-4F69-8964-E885B51D53FB}.Debug|Any CPU.Build.0 = Debug|Any CPU
		{A884EA36-7F16-4F69-8964-E885B51D53FB}.Release|Any CPU.ActiveCfg = Release|Any CPU
		{A884EA36-7F16-4F69-8964-E885B51D53FB}.Release|Any CPU.Build.0 = Release|Any CPU
	EndGlobalSection
	GlobalSection(SolutionProperties) = preSolution
		HideSolutionNode = FALSE
	EndGlobalSection
	GlobalSection(ExtensibilityGlobals) = postSolution
		SolutionGuid = {B976DBD8-049E-4FFA-BAA5-04DF85B34141}
	EndGlobalSection
EndGlobal
